// !$*UTF8*$!
{
	archiveVersion = 1;
	classes = {
	};
	objectVersion = 56;
	objects = {

/* Begin PBXBuildFile section */
		7527767429296BAD002BA711 /* AppDelegate.swift in Sources */ = {isa = PBXBuildFile; fileRef = 7527767329296BAD002BA711 /* AppDelegate.swift */; };
		7527767629296BAD002BA711 /* SceneDelegate.swift in Sources */ = {isa = PBXBuildFile; fileRef = 7527767529296BAD002BA711 /* SceneDelegate.swift */; };
		7527767B29296BAD002BA711 /* Main.storyboard in Resources */ = {isa = PBXBuildFile; fileRef = 7527767929296BAD002BA711 /* Main.storyboard */; };
		7527767D29296BAD002BA711 /* Assets.xcassets in Resources */ = {isa = PBXBuildFile; fileRef = 7527767C29296BAD002BA711 /* Assets.xcassets */; };
		7527768029296BAD002BA711 /* LaunchScreen.storyboard in Resources */ = {isa = PBXBuildFile; fileRef = 7527767E29296BAD002BA711 /* LaunchScreen.storyboard */; };
		7594332A292B7C1C003E28E1 /* LoginViewController.swift in Sources */ = {isa = PBXBuildFile; fileRef = 75943329292B7C1C003E28E1 /* LoginViewController.swift */; };
		7594332C292B9CEC003E28E1 /* HomeViewController.swift in Sources */ = {isa = PBXBuildFile; fileRef = 7594332B292B9CEC003E28E1 /* HomeViewController.swift */; };
		7594332E292B9D3A003E28E1 /* ProfileViewController.swift in Sources */ = {isa = PBXBuildFile; fileRef = 7594332D292B9D3A003E28E1 /* ProfileViewController.swift */; };
		75943330292B9D6A003E28E1 /* SettingsViewController.swift in Sources */ = {isa = PBXBuildFile; fileRef = 7594332F292B9D6A003E28E1 /* SettingsViewController.swift */; };
		75D3379F29296CD9008B2DF7 /* GoogleService-Info.plist in Resources */ = {isa = PBXBuildFile; fileRef = 75D3379E29296CD9008B2DF7 /* GoogleService-Info.plist */; };
		75F33BF0292F7C3F0088A2F0 /* HomeViewCell.swift in Sources */ = {isa = PBXBuildFile; fileRef = 75F33BEF292F7C3F0088A2F0 /* HomeViewCell.swift */; };
		FE99573DF8D306DC72434B7F /* Pods_InstagramClone.framework in Frameworks */ = {isa = PBXBuildFile; fileRef = 50E30D46B5F7D35368590123 /* Pods_InstagramClone.framework */; };
/* End PBXBuildFile section */

/* Begin PBXFileReference section */
		4AA527C6C6418E40383F4FBE /* Pods-InstagramClone.release.xcconfig */ = {isa = PBXFileReference; includeInIndex = 1; lastKnownFileType = text.xcconfig; name = "Pods-InstagramClone.release.xcconfig"; path = "Target Support Files/Pods-InstagramClone/Pods-InstagramClone.release.xcconfig"; sourceTree = "<group>"; };
		50E30D46B5F7D35368590123 /* Pods_InstagramClone.framework */ = {isa = PBXFileReference; explicitFileType = wrapper.framework; includeInIndex = 0; path = Pods_InstagramClone.framework; sourceTree = BUILT_PRODUCTS_DIR; };
		7527767029296BAD002BA711 /* InstagramClone.app */ = {isa = PBXFileReference; explicitFileType = wrapper.application; includeInIndex = 0; path = InstagramClone.app; sourceTree = BUILT_PRODUCTS_DIR; };
		7527767329296BAD002BA711 /* AppDelegate.swift */ = {isa = PBXFileReference; lastKnownFileType = sourcecode.swift; path = AppDelegate.swift; sourceTree = "<group>"; };
		7527767529296BAD002BA711 /* SceneDelegate.swift */ = {isa = PBXFileReference; lastKnownFileType = sourcecode.swift; path = SceneDelegate.swift; sourceTree = "<group>"; };
		7527767A29296BAD002BA711 /* Base */ = {isa = PBXFileReference; lastKnownFileType = file.storyboard; name = Base; path = Base.lproj/Main.storyboard; sourceTree = "<group>"; };
		7527767C29296BAD002BA711 /* Assets.xcassets */ = {isa = PBXFileReference; lastKnownFileType = folder.assetcatalog; path = Assets.xcassets; sourceTree = "<group>"; };
		7527767F29296BAD002BA711 /* Base */ = {isa = PBXFileReference; lastKnownFileType = file.storyboard; name = Base; path = Base.lproj/LaunchScreen.storyboard; sourceTree = "<group>"; };
		7527768129296BAD002BA711 /* Info.plist */ = {isa = PBXFileReference; lastKnownFileType = text.plist.xml; path = Info.plist; sourceTree = "<group>"; };
		75943329292B7C1C003E28E1 /* LoginViewController.swift */ = {isa = PBXFileReference; lastKnownFileType = sourcecode.swift; path = LoginViewController.swift; sourceTree = "<group>"; };
		7594332B292B9CEC003E28E1 /* HomeViewController.swift */ = {isa = PBXFileReference; lastKnownFileType = sourcecode.swift; path = HomeViewController.swift; sourceTree = "<group>"; };
		7594332D292B9D3A003E28E1 /* ProfileViewController.swift */ = {isa = PBXFileReference; lastKnownFileType = sourcecode.swift; path = ProfileViewController.swift; sourceTree = "<group>"; };
		7594332F292B9D6A003E28E1 /* SettingsViewController.swift */ = {isa = PBXFileReference; lastKnownFileType = sourcecode.swift; path = SettingsViewController.swift; sourceTree = "<group>"; };
		75D3379E29296CD9008B2DF7 /* GoogleService-Info.plist */ = {isa = PBXFileReference; fileEncoding = 4; lastKnownFileType = text.plist.xml; path = "GoogleService-Info.plist"; sourceTree = "<group>"; };
		75F33BEF292F7C3F0088A2F0 /* HomeViewCell.swift */ = {isa = PBXFileReference; lastKnownFileType = sourcecode.swift; path = HomeViewCell.swift; sourceTree = "<group>"; };
		F787C37BCE36CF0350FFDB06 /* Pods-InstagramClone.debug.xcconfig */ = {isa = PBXFileReference; includeInIndex = 1; lastKnownFileType = text.xcconfig; name = "Pods-InstagramClone.debug.xcconfig"; path = "Target Support Files/Pods-InstagramClone/Pods-InstagramClone.debug.xcconfig"; sourceTree = "<group>"; };
/* End PBXFileReference section */

/* Begin PBXFrameworksBuildPhase section */
		7527766D29296BAD002BA711 /* Frameworks */ = {
			isa = PBXFrameworksBuildPhase;
			buildActionMask = 2147483647;
			files = (
				FE99573DF8D306DC72434B7F /* Pods_InstagramClone.framework in Frameworks */,
			);
			runOnlyForDeploymentPostprocessing = 0;
		};
/* End PBXFrameworksBuildPhase section */

/* Begin PBXGroup section */
		7527766729296BAC002BA711 = {
			isa = PBXGroup;
			children = (
				7527767229296BAD002BA711 /* InstagramClone */,
				7527767129296BAD002BA711 /* Products */,
				CC5EE68F6C4FB4C355CBAF7C /* Pods */,
				A2A5E5CE6959C4DFD9717463 /* Frameworks */,
			);
			sourceTree = "<group>";
		};
		7527767129296BAD002BA711 /* Products */ = {
			isa = PBXGroup;
			children = (
				7527767029296BAD002BA711 /* InstagramClone.app */,
			);
			name = Products;
			sourceTree = "<group>";
		};
		7527767229296BAD002BA711 /* InstagramClone */ = {
			isa = PBXGroup;
			children = (
				75F33BEE292F7C1E0088A2F0 /* View */,
				75943328292B7BC3003E28E1 /* Base */,
				7527767329296BAD002BA711 /* AppDelegate.swift */,
				7527767529296BAD002BA711 /* SceneDelegate.swift */,
				75943327292B7BAA003E28E1 /* Controllers */,
				7527768129296BAD002BA711 /* Info.plist */,
				75D3379E29296CD9008B2DF7 /* GoogleService-Info.plist */,
			);
			path = InstagramClone;
			sourceTree = "<group>";
		};
		75943327292B7BAA003E28E1 /* Controllers */ = {
			isa = PBXGroup;
			children = (
				75943329292B7C1C003E28E1 /* LoginViewController.swift */,
				7594332B292B9CEC003E28E1 /* HomeViewController.swift */,
				7594332D292B9D3A003E28E1 /* ProfileViewController.swift */,
				7594332F292B9D6A003E28E1 /* SettingsViewController.swift */,
			);
			path = Controllers;
			sourceTree = "<group>";
		};
		75943328292B7BC3003E28E1 /* Base */ = {
			isa = PBXGroup;
			children = (
				7527767929296BAD002BA711 /* Main.storyboard */,
				7527767C29296BAD002BA711 /* Assets.xcassets */,
				7527767E29296BAD002BA711 /* LaunchScreen.storyboard */,
			);
			path = Base;
			sourceTree = "<group>";
		};
		75F33BEE292F7C1E0088A2F0 /* View */ = {
			isa = PBXGroup;
			children = (
				75F33BEF292F7C3F0088A2F0 /* HomeViewCell.swift */,
			);
			path = View;
			sourceTree = "<group>";
		};
		A2A5E5CE6959C4DFD9717463 /* Frameworks */ = {
			isa = PBXGroup;
			children = (
				50E30D46B5F7D35368590123 /* Pods_InstagramClone.framework */,
			);
			name = Frameworks;
			sourceTree = "<group>";
		};
		CC5EE68F6C4FB4C355CBAF7C /* Pods */ = {
			isa = PBXGroup;
			children = (
				F787C37BCE36CF0350FFDB06 /* Pods-InstagramClone.debug.xcconfig */,
				4AA527C6C6418E40383F4FBE /* Pods-InstagramClone.release.xcconfig */,
			);
			path = Pods;
			sourceTree = "<group>";
		};
/* End PBXGroup section */

/* Begin PBXNativeTarget section */
		7527766F29296BAD002BA711 /* InstagramClone */ = {
			isa = PBXNativeTarget;
			buildConfigurationList = 7527768429296BAD002BA711 /* Build configuration list for PBXNativeTarget "InstagramClone" */;
			buildPhases = (
				383614DCDD4140758A204B5C /* [CP] Check Pods Manifest.lock */,
				7527766C29296BAD002BA711 /* Sources */,
				7527766D29296BAD002BA711 /* Frameworks */,
				7527766E29296BAD002BA711 /* Resources */,
				8DECA28604E4E722C6DB5F30 /* [CP] Embed Pods Frameworks */,
			);
			buildRules = (
			);
			dependencies = (
			);
			name = InstagramClone;
			productName = InstagramClone;
			productReference = 7527767029296BAD002BA711 /* InstagramClone.app */;
			productType = "com.apple.product-type.application";
		};
/* End PBXNativeTarget section */

/* Begin PBXProject section */
		7527766829296BAC002BA711 /* Project object */ = {
			isa = PBXProject;
			attributes = {
				BuildIndependentTargetsInParallel = 1;
				LastSwiftUpdateCheck = 1400;
				LastUpgradeCheck = 1400;
				TargetAttributes = {
					7527766F29296BAD002BA711 = {
						CreatedOnToolsVersion = 14.0.1;
					};
				};
			};
			buildConfigurationList = 7527766B29296BAC002BA711 /* Build configuration list for PBXProject "InstagramClone" */;
			compatibilityVersion = "Xcode 14.0";
			developmentRegion = en;
			hasScannedForEncodings = 0;
			knownRegions = (
				en,
				Base,
			);
			mainGroup = 7527766729296BAC002BA711;
			productRefGroup = 7527767129296BAD002BA711 /* Products */;
			projectDirPath = "";
			projectRoot = "";
			targets = (
				7527766F29296BAD002BA711 /* InstagramClone */,
			);
		};
/* End PBXProject section */

/* Begin PBXResourcesBuildPhase section */
		7527766E29296BAD002BA711 /* Resources */ = {
			isa = PBXResourcesBuildPhase;
			buildActionMask = 2147483647;
			files = (
				7527768029296BAD002BA711 /* LaunchScreen.storyboard in Resources */,
				75D3379F29296CD9008B2DF7 /* GoogleService-Info.plist in Resources */,
				7527767D29296BAD002BA711 /* Assets.xcassets in Resources */,
				7527767B29296BAD002BA711 /* Main.storyboard in Resources */,
			);
			runOnlyForDeploymentPostprocessing = 0;
		};
/* End PBXResourcesBuildPhase section */

/* Begin PBXShellScriptBuildPhase section */
		383614DCDD4140758A204B5C /* [CP] Check Pods Manifest.lock */ = {
			isa = PBXShellScriptBuildPhase;
			buildActionMask = 2147483647;
			files = (
			);
			inputFileListPaths = (
			);
			inputPaths = (
				"${PODS_PODFILE_DIR_PATH}/Podfile.lock",
				"${PODS_ROOT}/Manifest.lock",
			);
			name = "[CP] Check Pods Manifest.lock";
			outputFileListPaths = (
			);
			outputPaths = (
				"$(DERIVED_FILE_DIR)/Pods-InstagramClone-checkManifestLockResult.txt",
			);
			runOnlyForDeploymentPostprocessing = 0;
			shellPath = /bin/sh;
			shellScript = "diff \"${PODS_PODFILE_DIR_PATH}/Podfile.lock\" \"${PODS_ROOT}/Manifest.lock\" > /dev/null\nif [ $? != 0 ] ; then\n    # print error to STDERR\n    echo \"error: The sandbox is not in sync with the Podfile.lock. Run 'pod install' or update your CocoaPods installation.\" >&2\n    exit 1\nfi\n# This output is used by Xcode 'outputs' to avoid re-running this script phase.\necho \"SUCCESS\" > \"${SCRIPT_OUTPUT_FILE_0}\"\n";
			showEnvVarsInLog = 0;
		};
		8DECA28604E4E722C6DB5F30 /* [CP] Embed Pods Frameworks */ = {
			isa = PBXShellScriptBuildPhase;
			buildActionMask = 2147483647;
			files = (
			);
			inputFileListPaths = (
				"${PODS_ROOT}/Target Support Files/Pods-InstagramClone/Pods-InstagramClone-frameworks-${CONFIGURATION}-input-files.xcfilelist",
			);
			name = "[CP] Embed Pods Frameworks";
			outputFileListPaths = (
				"${PODS_ROOT}/Target Support Files/Pods-InstagramClone/Pods-InstagramClone-frameworks-${CONFIGURATION}-output-files.xcfilelist",
			);
			runOnlyForDeploymentPostprocessing = 0;
			shellPath = /bin/sh;
			shellScript = "\"${PODS_ROOT}/Target Support Files/Pods-InstagramClone/Pods-InstagramClone-frameworks.sh\"\n";
			showEnvVarsInLog = 0;
		};
/* End PBXShellScriptBuildPhase section */

/* Begin PBXSourcesBuildPhase section */
		7527766C29296BAD002BA711 /* Sources */ = {
			isa = PBXSourcesBuildPhase;
			buildActionMask = 2147483647;
			files = (
				7594332A292B7C1C003E28E1 /* LoginViewController.swift in Sources */,
				7527767429296BAD002BA711 /* AppDelegate.swift in Sources */,
				75F33BF0292F7C3F0088A2F0 /* HomeViewCell.swift in Sources */,
				7594332E292B9D3A003E28E1 /* ProfileViewController.swift in Sources */,
				7527767629296BAD002BA711 /* SceneDelegate.swift in Sources */,
				7594332C292B9CEC003E28E1 /* HomeViewController.swift in Sources */,
				75943330292B9D6A003E28E1 /* SettingsViewController.swift in Sources */,
			);
			runOnlyForDeploymentPostprocessing = 0;
		};
/* End PBXSourcesBuildPhase section */

/* Begin PBXVariantGroup section */
		7527767929296BAD002BA711 /* Main.storyboard */ = {
			isa = PBXVariantGroup;
			children = (
				7527767A29296BAD002BA711 /* Base */,
			);
			name = Main.storyboard;
			sourceTree = "<group>";
		};
		7527767E29296BAD002BA711 /* LaunchScreen.storyboard */ = {
			isa = PBXVariantGroup;
			children = (
				7527767F29296BAD002BA711 /* Base */,
			);
			name = LaunchScreen.storyboard;
			sourceTree = "<group>";
		};
/* End PBXVariantGroup section */

/* Begin XCBuildConfiguration section */
		7527768229296BAD002BA711 /* Debug */ = {
			isa = XCBuildConfiguration;
			buildSettings = {
				ALWAYS_SEARCH_USER_PATHS = NO;
				CLANG_ANALYZER_NONNULL = YES;
				CLANG_ANALYZER_NUMBER_OBJECT_CONVERSION = YES_AGGRESSIVE;
				CLANG_CXX_LANGUAGE_STANDARD = "gnu++20";
				CLANG_ENABLE_MODULES = YES;
				CLANG_ENABLE_OBJC_ARC = YES;
				CLANG_ENABLE_OBJC_WEAK = YES;
				CLANG_WARN_BLOCK_CAPTURE_AUTORELEASING = YES;
				CLANG_WARN_BOOL_CONVERSION = YES;
				CLANG_WARN_COMMA = YES;
				CLANG_WARN_CONSTANT_CONVERSION = YES;
				CLANG_WARN_DEPRECATED_OBJC_IMPLEMENTATIONS = YES;
				CLANG_WARN_DIRECT_OBJC_ISA_USAGE = YES_ERROR;
				CLANG_WARN_DOCUMENTATION_COMMENTS = YES;
				CLANG_WARN_EMPTY_BODY = YES;
				CLANG_WARN_ENUM_CONVERSION = YES;
				CLANG_WARN_INFINITE_RECURSION = YES;
				CLANG_WARN_INT_CONVERSION = YES;
				CLANG_WARN_NON_LITERAL_NULL_CONVERSION = YES;
				CLANG_WARN_OBJC_IMPLICIT_RETAIN_SELF = YES;
				CLANG_WARN_OBJC_LITERAL_CONVERSION = YES;
				CLANG_WARN_OBJC_ROOT_CLASS = YES_ERROR;
				CLANG_WARN_QUOTED_INCLUDE_IN_FRAMEWORK_HEADER = YES;
				CLANG_WARN_RANGE_LOOP_ANALYSIS = YES;
				CLANG_WARN_STRICT_PROTOTYPES = YES;
				CLANG_WARN_SUSPICIOUS_MOVE = YES;
				CLANG_WARN_UNGUARDED_AVAILABILITY = YES_AGGRESSIVE;
				CLANG_WARN_UNREACHABLE_CODE = YES;
				CLANG_WARN__DUPLICATE_METHOD_MATCH = YES;
				COPY_PHASE_STRIP = NO;
				DEBUG_INFORMATION_FORMAT = dwarf;
				ENABLE_STRICT_OBJC_MSGSEND = YES;
				ENABLE_TESTABILITY = YES;
				GCC_C_LANGUAGE_STANDARD = gnu11;
				GCC_DYNAMIC_NO_PIC = NO;
				GCC_NO_COMMON_BLOCKS = YES;
				GCC_OPTIMIZATION_LEVEL = 0;
				GCC_PREPROCESSOR_DEFINITIONS = (
					"DEBUG=1",
					"$(inherited)",
				);
				GCC_WARN_64_TO_32_BIT_CONVERSION = YES;
				GCC_WARN_ABOUT_RETURN_TYPE = YES_ERROR;
				GCC_WARN_UNDECLARED_SELECTOR = YES;
				GCC_WARN_UNINITIALIZED_AUTOS = YES_AGGRESSIVE;
				GCC_WARN_UNUSED_FUNCTION = YES;
				GCC_WARN_UNUSED_VARIABLE = YES;
				IPHONEOS_DEPLOYMENT_TARGET = 14.0;
				MTL_ENABLE_DEBUG_INFO = INCLUDE_SOURCE;
				MTL_FAST_MATH = YES;
				ONLY_ACTIVE_ARCH = YES;
				SDKROOT = iphoneos;
				SWIFT_ACTIVE_COMPILATION_CONDITIONS = DEBUG;
				SWIFT_OPTIMIZATION_LEVEL = "-Onone";
			};
			name = Debug;
		};
		7527768329296BAD002BA711 /* Release */ = {
			isa = XCBuildConfiguration;
			buildSettings = {
				ALWAYS_SEARCH_USER_PATHS = NO;
				CLANG_ANALYZER_NONNULL = YES;
				CLANG_ANALYZER_NUMBER_OBJECT_CONVERSION = YES_AGGRESSIVE;
				CLANG_CXX_LANGUAGE_STANDARD = "gnu++20";
				CLANG_ENABLE_MODULES = YES;
				CLANG_ENABLE_OBJC_ARC = YES;
				CLANG_ENABLE_OBJC_WEAK = YES;
				CLANG_WARN_BLOCK_CAPTURE_AUTORELEASING = YES;
				CLANG_WARN_BOOL_CONVERSION = YES;
				CLANG_WARN_COMMA = YES;
				CLANG_WARN_CONSTANT_CONVERSION = YES;
				CLANG_WARN_DEPRECATED_OBJC_IMPLEMENTATIONS = YES;
				CLANG_WARN_DIRECT_OBJC_ISA_USAGE = YES_ERROR;
				CLANG_WARN_DOCUMENTATION_COMMENTS = YES;
				CLANG_WARN_EMPTY_BODY = YES;
				CLANG_WARN_ENUM_CONVERSION = YES;
				CLANG_WARN_INFINITE_RECURSION = YES;
				CLANG_WARN_INT_CONVERSION = YES;
				CLANG_WARN_NON_LITERAL_NULL_CONVERSION = YES;
				CLANG_WARN_OBJC_IMPLICIT_RETAIN_SELF = YES;
				CLANG_WARN_OBJC_LITERAL_CONVERSION = YES;
				CLANG_WARN_OBJC_ROOT_CLASS = YES_ERROR;
				CLANG_WARN_QUOTED_INCLUDE_IN_FRAMEWORK_HEADER = YES;
				CLANG_WARN_RANGE_LOOP_ANALYSIS = YES;
				CLANG_WARN_STRICT_PROTOTYPES = YES;
				CLANG_WARN_SUSPICIOUS_MOVE = YES;
				CLANG_WARN_UNGUARDED_AVAILABILITY = YES_AGGRESSIVE;
				CLANG_WARN_UNREACHABLE_CODE = YES;
				CLANG_WARN__DUPLICATE_METHOD_MATCH = YES;
				COPY_PHASE_STRIP = NO;
				DEBUG_INFORMATION_FORMAT = "dwarf-with-dsym";
				ENABLE_NS_ASSERTIONS = NO;
				ENABLE_STRICT_OBJC_MSGSEND = YES;
				GCC_C_LANGUAGE_STANDARD = gnu11;
				GCC_NO_COMMON_BLOCKS = YES;
				GCC_WARN_64_TO_32_BIT_CONVERSION = YES;
				GCC_WARN_ABOUT_RETURN_TYPE = YES_ERROR;
				GCC_WARN_UNDECLARED_SELECTOR = YES;
				GCC_WARN_UNINITIALIZED_AUTOS = YES_AGGRESSIVE;
				GCC_WARN_UNUSED_FUNCTION = YES;
				GCC_WARN_UNUSED_VARIABLE = YES;
				IPHONEOS_DEPLOYMENT_TARGET = 14.0;
				MTL_ENABLE_DEBUG_INFO = NO;
				MTL_FAST_MATH = YES;
				SDKROOT = iphoneos;
				SWIFT_COMPILATION_MODE = wholemodule;
				SWIFT_OPTIMIZATION_LEVEL = "-O";
				VALIDATE_PRODUCT = YES;
			};
			name = Release;
		};
		7527768529296BAD002BA711 /* Debug */ = {
			isa = XCBuildConfiguration;
			baseConfigurationReference = F787C37BCE36CF0350FFDB06 /* Pods-InstagramClone.debug.xcconfig */;
			buildSettings = {
				ASSETCATALOG_COMPILER_APPICON_NAME = AppIcon;
				ASSETCATALOG_COMPILER_GLOBAL_ACCENT_COLOR_NAME = AccentColor;
				CODE_SIGN_STYLE = Automatic;
				CURRENT_PROJECT_VERSION = 1;
				DEVELOPMENT_TEAM = J6M68LPML8;
				GENERATE_INFOPLIST_FILE = YES;
				INFOPLIST_FILE = InstagramClone/Info.plist;
				INFOPLIST_KEY_UIApplicationSupportsIndirectInputEvents = YES;
				INFOPLIST_KEY_UILaunchStoryboardName = LaunchScreen;
				INFOPLIST_KEY_UIMainStoryboardFile = Main;
				INFOPLIST_KEY_UISupportedInterfaceOrientations_iPad = "UIInterfaceOrientationPortrait UIInterfaceOrientationPortraitUpsideDown UIInterfaceOrientationLandscapeLeft UIInterfaceOrientationLandscapeRight";
				INFOPLIST_KEY_UISupportedInterfaceOrientations_iPhone = "UIInterfaceOrientationPortrait UIInterfaceOrientationLandscapeLeft UIInterfaceOrientationLandscapeRight";
				IPHONEOS_DEPLOYMENT_TARGET = 14.0;
				LD_RUNPATH_SEARCH_PATHS = (
					"$(inherited)",
					"@executable_path/Frameworks",
				);
				MARKETING_VERSION = 1.0;
				PRODUCT_BUNDLE_IDENTIFIER = com.mehmetsalihcakmak.InstagramClone;
				PRODUCT_NAME = "$(TARGET_NAME)";
				SWIFT_EMIT_LOC_STRINGS = YES;
				SWIFT_VERSION = 5.0;
				TARGETED_DEVICE_FAMILY = "1,2";
			};
			name = Debug;
		};
		7527768629296BAD002BA711 /* Release */ = {
			isa = XCBuildConfiguration;
			baseConfigurationReference = 4AA527C6C6418E40383F4FBE /* Pods-InstagramClone.release.xcconfig */;
			buildSettings = {
				ASSETCATALOG_COMPILER_APPICON_NAME = AppIcon;
				ASSETCATALOG_COMPILER_GLOBAL_ACCENT_COLOR_NAME = AccentColor;
				CODE_SIGN_STYLE = Automatic;
				CURRENT_PROJECT_VERSION = 1;
				DEVELOPMENT_TEAM = J6M68LPML8;
				GENERATE_INFOPLIST_FILE = YES;
				INFOPLIST_FILE = InstagramClone/Info.plist;
				INFOPLIST_KEY_UIApplicationSupportsIndirectInputEvents = YES;
				INFOPLIST_KEY_UILaunchStoryboardName = LaunchScreen;
				INFOPLIST_KEY_UIMainStoryboardFile = Main;
				INFOPLIST_KEY_UISupportedInterfaceOrientations_iPad = "UIInterfaceOrientationPortrait UIInterfaceOrientationPortraitUpsideDown UIInterfaceOrientationLandscapeLeft UIInterfaceOrientationLandscapeRight";
				INFOPLIST_KEY_UISupportedInterfaceOrientations_iPhone = "UIInterfaceOrientationPortrait UIInterfaceOrientationLandscapeLeft UIInterfaceOrientationLandscapeRight";
				IPHONEOS_DEPLOYMENT_TARGET = 14.0;
				LD_RUNPATH_SEARCH_PATHS = (
					"$(inherited)",
					"@executable_path/Frameworks",
				);
				MARKETING_VERSION = 1.0;
				PRODUCT_BUNDLE_IDENTIFIER = com.mehmetsalihcakmak.InstagramClone;
				PRODUCT_NAME = "$(TARGET_NAME)";
				SWIFT_EMIT_LOC_STRINGS = YES;
				SWIFT_VERSION = 5.0;
				TARGETED_DEVICE_FAMILY = "1,2";
			};
			name = Release;
		};
/* End XCBuildConfiguration section */

/* Begin XCConfigurationList section */
		7527766B29296BAC002BA711 /* Build configuration list for PBXProject "InstagramClone" */ = {
			isa = XCConfigurationList;
			buildConfigurations = (
				7527768229296BAD002BA711 /* Debug */,
				7527768329296BAD002BA711 /* Release */,
			);
			defaultConfigurationIsVisible = 0;
			defaultConfigurationName = Release;
		};
		7527768429296BAD002BA711 /* Build configuration list for PBXNativeTarget "InstagramClone" */ = {
			isa = XCConfigurationList;
			buildConfigurations = (
				7527768529296BAD002BA711 /* Debug */,
				7527768629296BAD002BA711 /* Release */,
			);
			defaultConfigurationIsVisible = 0;
			defaultConfigurationName = Release;
		};
/* End XCConfigurationList section */
	};
	rootObject = 7527766829296BAC002BA711 /* Project object */;
}
